{
  "pins" : [
    {
      "identity" : "swiftalgorithms",
      "kind" : "remoteSourceControl",
      "location" : "https://github.com/hugobgranja/SwiftAlgorithms",
      "state" : {
        "branch" : "main",
        "revision" : "143aceb6cafc21acfc6ef3e41c5bd2d043d1a8a2"
      }
    }
  ],
  "version" : 2
}
