{
  "object": {
    "pins": [
      {
        "package": "SwiftAlgorithms",
        "repositoryURL": "https://github.com/hugobgranja/SwiftAlgorithms",
        "state": {
          "branch": "main",
          "revision": "584e4d4481d4487f5a791edb3da6222f386d1ddd",
          "version": null
        }
      }
    ]
  },
  "version": 1
}
