{
  "pins" : [
    {
      "identity" : "swiftalgorithms",
      "kind" : "remoteSourceControl",
      "location" : "https://github.com/hugobgranja/SwiftAlgorithms",
      "state" : {
        "branch" : "main",
        "revision" : "199d5c9bdca2d7cda8f4c3f8ef20b9016d17070b"
      }
    }
  ],
  "version" : 2
}
